
Microsoft Visual Studio Solution File, Format Version 12.00
# Visual Studio 14
VisualStudioVersion = 14.0.25123.0
MinimumVisualStudioVersion = 10.0.40219.1
Project("{FAE04EC0-301F-11D3-BF4B-00C04F79EFBC}") = "COMP123-S2016-Lesson2", "COMP123-S2016-Lesson2\COMP123-S2016-Lesson2.csproj", "{5CB45349-B878-467D-AC60-13DD2416D7D5}"
EndProject
Project("{FAE04EC0-301F-11D3-BF4B-00C04F79EFBC}") = "UnitTestForLesson2", "UnitTestForLesson2\UnitTestForLesson2.csproj", "{D400C177-EA0B-4592-9A4F-B1650E99C17E}"
EndProject
Global
	GlobalSection(SolutionConfigurationPlatforms) = preSolution
		Debug|Any CPU = Debug|Any CPU
		Release|Any CPU = Release|Any CPU
	EndGlobalSection
	GlobalSection(ProjectConfigurationPlatforms) = postSolution
		{5CB45349-B878-467D-AC60-13DD2416D7D5}.Debug|Any CPU.ActiveCfg = Debug|Any CPU
		{5CB45349-B878-467D-AC60-13DD2416D7D5}.Debug|Any CPU.Build.0 = Debug|Any CPU
		{5CB45349-B878-467D-AC60-13DD2416D7D5}.Release|Any CPU.ActiveCfg = Release|Any CPU
		{5CB45349-B878-467D-AC60-13DD2416D7D5}.Release|Any CPU.Build.0 = Release|Any CPU
		{D400C177-EA0B-4592-9A4F-B1650E99C17E}.Debug|Any CPU.ActiveCfg = Debug|Any CPU
		{D400C177-EA0B-4592-9A4F-B1650E99C17E}.Debug|Any CPU.Build.0 = Debug|Any CPU
		{D400C177-EA0B-4592-9A4F-B1650E99C17E}.Release|Any CPU.ActiveCfg = Release|Any CPU
		{D400C177-EA0B-4592-9A4F-B1650E99C17E}.Release|Any CPU.Build.0 = Release|Any CPU
	EndGlobalSection
	GlobalSection(SolutionProperties) = preSolution
		HideSolutionNode = FALSE
	EndGlobalSection
EndGlobal
